
Microsoft Visual Studio Solution File, Format Version 12.00
# Visual Studio 15
VisualStudioVersion = 15.0.27428.2043
MinimumVisualStudioVersion = 10.0.40219.1
Project("{FAE04EC0-301F-11D3-BF4B-00C04F79EFBC}") = "MultiPay.Solution", "MultiPay.Solution\MultiPay.Solution.csproj", "{11194FA2-2AF5-4B80-89F6-D01E5BC5F833}"
EndProject
Global
	GlobalSection(SolutionConfigurationPlatforms) = preSolution
		Debug|Any CPU = Debug|Any CPU
		Release|Any CPU = Release|Any CPU
	EndGlobalSection
	GlobalSection(ProjectConfigurationPlatforms) = postSolution
		{11194FA2-2AF5-4B80-89F6-D01E5BC5F833}.Debug|Any CPU.ActiveCfg = Debug|Any CPU
		{11194FA2-2AF5-4B80-89F6-D01E5BC5F833}.Debug|Any CPU.Build.0 = Debug|Any CPU
		{11194FA2-2AF5-4B80-89F6-D01E5BC5F833}.Release|Any CPU.ActiveCfg = Release|Any CPU
		{11194FA2-2AF5-4B80-89F6-D01E5BC5F833}.Release|Any CPU.Build.0 = Release|Any CPU
	EndGlobalSection
	GlobalSection(SolutionProperties) = preSolution
		HideSolutionNode = FALSE
	EndGlobalSection
	GlobalSection(ExtensibilityGlobals) = postSolution
		SolutionGuid = {3F13FDBF-625F-45BB-9848-D314398E226D}
	EndGlobalSection
EndGlobal
